{
  "name": "sdc-site-match-header",
  "version": "4.1.0",
  "lockfileVersion": 2,
  "requires": true,
  "packages": {
    "": {
      "name": "sdc-site-match-header",
      "version": "4.1.0",
      "license": "BSD-2-Clause",
      "devDependencies": {
        "sdc-project-base-static": "v15.1.0-SGA-2597.4"
      }
    },
    "node_modules/sdc-project-base-static": {
      "version": "15.1.0-SGA-2597.4",
      "resolved": "https://sky.jfrog.io/sky/api/npm/npm/sdc-project-base-static/-/sdc-project-base-static-15.1.0-SGA-2597.4.tgz",
      "integrity": "sha512-nftzgDL2dutX3wsm9VEdfPduJurLT8fHdbhI4GvTmfOvsr1khJpUBA/H6A31Bhy4VeRHg7OuGI19M0HNAgjVtA==",
      "dev": true
    }
  },
  "dependencies": {
    "sdc-project-base-static": {
      "version": "15.1.0-SGA-2597.4",
      "resolved": "https://sky.jfrog.io/sky/api/npm/npm/sdc-project-base-static/-/sdc-project-base-static-15.1.0-SGA-2597.4.tgz",
      "integrity": "sha512-nftzgDL2dutX3wsm9VEdfPduJurLT8fHdbhI4GvTmfOvsr1khJpUBA/H6A31Bhy4VeRHg7OuGI19M0HNAgjVtA==",
      "dev": true
    }
  }
}
